
Microsoft Visual Studio Solution File, Format Version 12.00
# Visual Studio Version 16
VisualStudioVersion = 16.0.31702.278
MinimumVisualStudioVersion = 10.0.40219.1
Project("{FAE04EC0-301F-11D3-BF4B-00C04F79EFBC}") = "Builder", "src\Builder\Builder.csproj", "{C8110B2F-7CE6-465B-8178-AD230E2083F4}"
EndProject
Project("{FAE04EC0-301F-11D3-BF4B-00C04F79EFBC}") = "Builder.Tests", "tests\Builder.Tests\Builder.Tests.csproj", "{83DD610A-13BD-414C-AE85-BD1F389712C7}"
EndProject
Global
	GlobalSection(SolutionConfigurationPlatforms) = preSolution
		Debug|Any CPU = Debug|Any CPU
		Release|Any CPU = Release|Any CPU
	EndGlobalSection
	GlobalSection(ProjectConfigurationPlatforms) = postSolution
		{C8110B2F-7CE6-465B-8178-AD230E2083F4}.Debug|Any CPU.ActiveCfg = Debug|Any CPU
		{C8110B2F-7CE6-465B-8178-AD230E2083F4}.Debug|Any CPU.Build.0 = Debug|Any CPU
		{C8110B2F-7CE6-465B-8178-AD230E2083F4}.Release|Any CPU.ActiveCfg = Release|Any CPU
		{C8110B2F-7CE6-465B-8178-AD230E2083F4}.Release|Any CPU.Build.0 = Release|Any CPU
		{83DD610A-13BD-414C-AE85-BD1F389712C7}.Debug|Any CPU.ActiveCfg = Debug|Any CPU
		{83DD610A-13BD-414C-AE85-BD1F389712C7}.Debug|Any CPU.Build.0 = Debug|Any CPU
		{83DD610A-13BD-414C-AE85-BD1F389712C7}.Release|Any CPU.ActiveCfg = Release|Any CPU
		{83DD610A-13BD-414C-AE85-BD1F389712C7}.Release|Any CPU.Build.0 = Release|Any CPU
	EndGlobalSection
	GlobalSection(SolutionProperties) = preSolution
		HideSolutionNode = FALSE
	EndGlobalSection
	GlobalSection(ExtensibilityGlobals) = postSolution
		SolutionGuid = {8A80BD14-9983-4AFB-A6B7-93344F1EF4B6}
	EndGlobalSection
EndGlobal
